<?xml version="1.0" encoding="UTF-8" standalone="yes" ?>
<CodeBlocks_project_file>
	<FileVersion major="1" minor="6" />
	<Project>
		<Option title="FMT" />
		<Option pch_mode="2" />
		<Option compiler="gcc" />
		<Build>
			<Target title="Debug">
				<Option output="bin/Debug/FMT" prefix_auto="1" extension_auto="1" />
				<Option object_output="obj/Debug/" />
				<Option type="3" />
				<Option compiler="gcc" />
				<Option createDefFile="1" />
				<Option createStaticLib="1" />
				<Compiler>
					<Add option="-g" />
					<Add option="-lboost_python" />
					<Add option="-lpython2.7" />
					<Add option="-lboost-filesystem" />
					<Add option="-static" />
					<Add option="-static-libgcc" />
					<Add option="-static-libstdc++" />
					<Add directory="../FMT" />
				</Compiler>
				<Linker>
					<Add library="C:/Mrnmicro/Applic/Cygwin64/lib/libpython2.7.dll.a" />
					<Add library="C:/Mrnmicro/Applic/Cygwin64/lib/libboost_system.dll.a" />
					<Add library="C:/Mrnmicro/Applic/Cygwin64/lib/libboost_python.dll.a" />
					<Add library="C:/Mrnmicro/Applic/Cygwin64/lib/libboost_filesystem.dll.a" />
					<Add library="C:/Mrnmicro/Applic/Cygwin64/lib/libboost_iostreams.dll.a" />
					<Add library="C:/Mrnmicro/Applic/Cygwin64/lib/libgdal.dll.a" />
					<Add library="C:/Mrnmicro/Applic/Cygwin64/home/cyrgu3/Cbc-2.9.9/lib/libOsiCbc.a" />
					<Add library="C:/Mrnmicro/Applic/Cygwin64/home/cyrgu3/Cbc-2.9.9/lib/libCbcSolver.a" />
					<Add library="C:/Mrnmicro/Applic/Cygwin64/home/cyrgu3/Cbc-2.9.9/lib/libCbc.a" />
					<Add library="C:/Mrnmicro/Applic/Cygwin64/home/cyrgu3/Cbc-2.9.9/lib/libOsiClp.a" />
					<Add library="C:/Mrnmicro/Applic/Cygwin64/home/cyrgu3/Cbc-2.9.9/lib/libClpSolver.a" />
					<Add library="C:/Mrnmicro/Applic/Cygwin64/home/cyrgu3/Cbc-2.9.9/lib/libClp.a" />
					<Add library="C:/Mrnmicro/Applic/Cygwin64/home/cyrgu3/Cbc-2.9.9/lib/libOsi.a" />
					<Add library="C:/Mrnmicro/Applic/Cygwin64/home/cyrgu3/Cbc-2.9.9/lib/libCoinUtils.a" />
					<Add library="C:/Mrnmicro/Applic/Cygwin64/lib/libz.dll.a" />
					<Add library="C:/Mrnmicro/Applic/Cygwin64/lib/libbz2.dll.a" />
					<Add library="C:/Mrnmicro/Applic/Cygwin64/lib/liblapack.dll.a" />
					<Add library="C:/Mrnmicro/Applic/Cygwin64/lib/libblas.dll.a" />
					<Add library="C:/Mrnmicro/Applic/Cygwin64/lib/libboost_serialization.dll.a" />
				</Linker>
			</Target>
			<Target title="Release">
				<Option output="bin/Release/FMT" prefix_auto="1" extension_auto="1" />
				<Option object_output="obj/Release/" />
				<Option type="3" />
				<Option compiler="gcc" />
				<Option createDefFile="1" />
				<Option createStaticLib="1" />
				<Compiler>
					<Add option="-O3" />
					<Add option="-DNDEBUG" />
					<Add directory="../FMT" />
				</Compiler>
			</Target>
		</Build>
		<Compiler>
			<Add option="-Wnon-virtual-dtor" />
			<Add option="-pedantic" />
			<Add option="-std=c++11" />
			<Add option="-m64" />
			<Add option="-fexceptions" />
			<Add option="-static" />
			<Add option="-static-libgcc" />
			<Add option="-static-libstdc++" />
			<Add option="-fmax-errors=100" />
			<Add option="-ftemplate-backtrace-limit=0" />
			<Add option="-D_hypot=hypot" />
			<Add option="-DBOOST_PYTHON_STATIC_LIB" />
			<Add option="-DFMTWITHPYTHON" />
			<Add option="-DHAVE_SNPRINTF" />
			<Add option="-DBOOST_DYNAMIC_BITSET_DONT_USE_FRIENDS" />
			<Add option="-D_CRT_SECURE_NO_WARNINGS" />
			<Add option="-DFMTWITHGDAL" />
			<Add option="-DFMTWITHOSI" />
			<Add directory="C:/Mrnmicro/Applic/Cygwin64/usr/include/python2.7" />
			<Add directory="C:/Mrnmicro/Applic/Cygwin64/home/forbr3/Cbc-2.9.8/include/coin" />
			<Add directory="../../../usr/local/include/boost" />
		</Compiler>
		<Linker>
			<Add option="-m64" />
			<Add option="-lboost_python27" />
			<Add option="-lpython2.7" />
			<Add option="-lboost_serialization" />
			<Add option="-lboost_iostreams" />
			<Add option="-lbz2" />
			<Add option="-lz" />
			<Add library="C:/Mrnmicro/Applic/Cygwin64/home/forbr3/Cbc-2.9.8/lib/libOsiCbc.a" />
			<Add library="C:/Mrnmicro/Applic/Cygwin64/home/forbr3/Cbc-2.9.8/lib/libCbcSolver.a" />
			<Add library="C:/Mrnmicro/Applic/Cygwin64/home/forbr3/Cbc-2.9.8/lib/libCbc.a" />
			<Add library="C:/Mrnmicro/Applic/Cygwin64/home/forbr3/Cbc-2.9.8/lib/libOsiClp.a" />
			<Add library="C:/Mrnmicro/Applic/Cygwin64/home/forbr3/Cbc-2.9.8/lib/libClpSolver.a" />
			<Add library="C:/Mrnmicro/Applic/Cygwin64/home/forbr3/Cbc-2.9.8/lib/libClp.a" />
			<Add library="C:/Mrnmicro/Applic/Cygwin64/home/forbr3/Cbc-2.9.8/lib/libOsi.a" />
			<Add library="C:/Mrnmicro/Applic/Cygwin64/home/forbr3/Cbc-2.9.8/lib/libCoinUtils.a" />
			<Add library="C:/Mrnmicro/Applic/Cygwin64/lib/libpython2.7.dll.a" />
			<Add library="../../../usr/local/lib/libboost_system.dll.a" />
			<Add library="../../../usr/local/lib/libboost_python27.dll.a" />
			<Add library="../../../usr/local/lib/libboost_filesystem.dll.a" />
			<Add library="../../../usr/local/lib/libboost_iostreams.dll.a" />
			<Add library="C:/Mrnmicro/Applic/Cygwin64/lib/libgdal.dll.a" />
			<Add library="C:/Mrnmicro/Applic/Cygwin64/lib/libz.dll.a" />
			<Add library="C:/Mrnmicro/Applic/Cygwin64/lib/libbz2.dll.a" />
			<Add library="C:/Mrnmicro/Applic/Cygwin64/lib/liblapack.dll.a" />
			<Add library="C:/Mrnmicro/Applic/Cygwin64/lib/libblas.dll.a" />
			<Add library="../../../usr/local/lib/libboost_serialization.dll.a" />
			<Add directory="C:/Mrnmicro/Applic/Cygwin64/home/forbr3/Cbc-2.9.8/lib" />
			<Add directory="../../../usr/local/lib" />
		</Linker>
		<Unit filename="FMTCore.cpp" />
		<Unit filename="FMTCore.h" />
		<Unit filename="FMTGCBMtransition.cpp" />
		<Unit filename="FMTGCBMtransition.h" />
		<Unit filename="FMTModels.h" />
		<Unit filename="FMTSpatials.h" />
		<Unit filename="FMTaction.cpp" />
		<Unit filename="FMTaction.h" />
		<Unit filename="FMTactionparser.cpp" />
		<Unit filename="FMTactionparser.h" />
		<Unit filename="FMTactualdevelopment.cpp" />
		<Unit filename="FMTactualdevelopment.h" />
		<Unit filename="FMTareaparser.cpp" />
		<Unit filename="FMTareaparser.h" />
		<Unit filename="FMTbounds.cpp" />
		<Unit filename="FMTbounds.h" />
		<Unit filename="FMTconstantparser.cpp" />
		<Unit filename="FMTconstantparser.h" />
		<Unit filename="FMTconstants.cpp" />
		<Unit filename="FMTconstants.h" />
		<Unit filename="FMTconstraint.cpp" />
		<Unit filename="FMTconstraint.h" />
		<Unit filename="FMTcoordinate.cpp" />
		<Unit filename="FMTcoordinate.h" />
		<Unit filename="FMTcut.cpp" />
		<Unit filename="FMTcut.h" />
		<Unit filename="FMTdata.cpp" />
		<Unit filename="FMTdata.h" />
		<Unit filename="FMTdebugexceptionhandler.cpp" />
		<Unit filename="FMTdebugexceptionhandler.h" />
		<Unit filename="FMTdebuglogger.cpp" />
		<Unit filename="FMTdebuglogger.h" />
		<Unit filename="FMTdefaultexceptionhandler.cpp" />
		<Unit filename="FMTdefaultexceptionhandler.h" />
		<Unit filename="FMTdefaultlogger.cpp" />
		<Unit filename="FMTdefaultlogger.h" />
		<Unit filename="FMTdevelopment.cpp" />
		<Unit filename="FMTdevelopment.h" />
		<Unit filename="FMTdevelopmentpath.cpp" />
		<Unit filename="FMTdevelopmentpath.h" />
		<Unit filename="FMTdisturbancestack.cpp" />
		<Unit filename="FMTdisturbancestack.h" />
		<Unit filename="FMTedgeproperties.cpp" />
		<Unit filename="FMTedgeproperties.h" />
		<Unit filename="FMTerror.cpp" />
		<Unit filename="FMTerror.h" />
		<Unit filename="FMTevent.cpp" />
		<Unit filename="FMTevent.h" />
		<Unit filename="FMTexception.cpp" />
		<Unit filename="FMTexception.h" />
		<Unit filename="FMTexceptionhandler.cpp" />
		<Unit filename="FMTexceptionhandler.h" />
		<Unit filename="FMTexpression.cpp" />
		<Unit filename="FMTexpression.h" />
		<Unit filename="FMTfire.h" />
		<Unit filename="FMTforest.cpp" />
		<Unit filename="FMTforest.h" />
		<Unit filename="FMTfork.cpp" />
		<Unit filename="FMTfork.h" />
		<Unit filename="FMTfreeexceptionhandler.cpp" />
		<Unit filename="FMTfreeexceptionhandler.h" />
		<Unit filename="FMTfunctioncall.cpp" />
		<Unit filename="FMTfunctioncall.h" />
		<Unit filename="FMTfuturdevelopment.cpp" />
		<Unit filename="FMTfuturdevelopment.h" />
		<Unit filename="FMTgraph.cpp" />
		<Unit filename="FMTgraph.h" />
		<Unit filename="FMTgraphdescription.cpp" />
		<Unit filename="FMTgraphdescription.h" />
		<Unit filename="FMTgraphstats.cpp" />
		<Unit filename="FMTgraphstats.h" />
		<Unit filename="FMTlandscapeparser.cpp" />
		<Unit filename="FMTlandscapeparser.h" />
		<Unit filename="FMTlayer.cpp" />
		<Unit filename="FMTlayer.h" />
		<Unit filename="FMTlifespanparser.cpp" />
		<Unit filename="FMTlifespanparser.h" />
		<Unit filename="FMTlifespans.cpp" />
		<Unit filename="FMTlifespans.h" />
		<Unit filename="FMTlinegraph.cpp" />
		<Unit filename="FMTlinegraph.h" />
		<Unit filename="FMTlist.cpp" />
		<Unit filename="FMTlist.h" />
		<Unit filename="FMTlogger.cpp" />
		<Unit filename="FMTlogger.h" />
		<Unit filename="FMTlpmodel.cpp" />
		<Unit filename="FMTlpmodel.h" />
		<Unit filename="FMTlpsolver.cpp" />
		<Unit filename="FMTlpsolver.h" />
		<Unit filename="FMTmask.cpp" />
		<Unit filename="FMTmask.h" />
		<Unit filename="FMTmaskfilter.cpp" />
		<Unit filename="FMTmaskfilter.h" />
		<Unit filename="FMTmatrixbuild.cpp" />
		<Unit filename="FMTmatrixbuild.h" />
		<Unit filename="FMTmatrixtracing.cpp" />
		<Unit filename="FMTmatrixtracing.h" />
		<Unit filename="FMTmodel.cpp" />
		<Unit filename="FMTmodel.h" />
		<Unit filename="FMTmodelparser.cpp" />
		<Unit filename="FMTmodelparser.h" />
		<Unit filename="FMTmodelstats.cpp" />
		<Unit filename="FMTmodelstats.h" />
		<Unit filename="FMTnssmodel.cpp" />
		<Unit filename="FMTnssmodel.h" />
		<Unit filename="FMTobject.cpp" />
		<Unit filename="FMTobject.h" />
		<Unit filename="FMToperatingarea.cpp" />
		<Unit filename="FMToperatingarea.h" />
		<Unit filename="FMToperatingareaheuristic.cpp" />
		<Unit filename="FMToperatingareaheuristic.h" />
		<Unit filename="FMToperator.cpp" />
		<Unit filename="FMToperator.h" />
		<Unit filename="FMToptimizationparser.cpp" />
		<Unit filename="FMToptimizationparser.h" />
		<Unit filename="FMToutput.cpp" />
		<Unit filename="FMToutput.h" />
		<Unit filename="FMToutputnode.cpp" />
		<Unit filename="FMToutputnode.h" />
		<Unit filename="FMToutputnodecache.cpp" />
		<Unit filename="FMToutputnodecache.h" />
		<Unit filename="FMToutputparser.cpp" />
		<Unit filename="FMToutputparser.h" />
		<Unit filename="FMToutputproperties.cpp" />
		<Unit filename="FMToutputproperties.h" />
		<Unit filename="FMToutputsource.cpp" />
		<Unit filename="FMToutputsource.h" />
		<Unit filename="FMTparser.cpp" />
		<Unit filename="FMTparser.h" />
		<Unit filename="FMTpythoncore.h" />
		<Unit filename="FMTpythonpickle.h" />
		<Unit filename="FMTquietexceptionhandler.cpp" />
		<Unit filename="FMTquietexceptionhandler.h" />
		<Unit filename="FMTquietlogger.cpp" />
		<Unit filename="FMTquietlogger.h" />
		<Unit filename="FMTsaevent.cpp" />
		<Unit filename="FMTsaevent.h" />
		<Unit filename="FMTsaeventcontainer.cpp" />
		<Unit filename="FMTsaeventcontainer.h" />
		<Unit filename="FMTsamodel.cpp" />
		<Unit filename="FMTsamodel.h" />
		<Unit filename="FMTsaschedule.cpp" />
		<Unit filename="FMTsaschedule.h" />
		<Unit filename="FMTsasolution.cpp" />
		<Unit filename="FMTsasolution.h" />
		<Unit filename="FMTschedule.cpp" />
		<Unit filename="FMTschedule.h" />
		<Unit filename="FMTscheduleparser.cpp" />
		<Unit filename="FMTscheduleparser.h" />
		<Unit filename="FMTserializablematrix.cpp" />
		<Unit filename="FMTserializablematrix.h" />
		<Unit filename="FMTsesevent.h" />
		<Unit filename="FMTsesmodel.cpp" />
		<Unit filename="FMTsesmodel.h" />
		<Unit filename="FMTsolverinterface.cpp" />
		<Unit filename="FMTsolverinterface.h" />
		<Unit filename="FMTspatialaction.cpp" />
		<Unit filename="FMTspatialaction.h" />
		<Unit filename="FMTtheme.cpp" />
		<Unit filename="FMTtheme.h" />
		<Unit filename="FMTtransition.cpp" />
		<Unit filename="FMTtransition.h" />
		<Unit filename="FMTtransitionmask.cpp" />
		<Unit filename="FMTtransitionmask.h" />
		<Unit filename="FMTtransitionparser.cpp" />
		<Unit filename="FMTtransitionparser.h" />
		<Unit filename="FMTutility.cpp" />
		<Unit filename="FMTutility.h" />
		<Unit filename="FMTversion.cpp" />
		<Unit filename="FMTversion.h" />
		<Unit filename="FMTvertexproperties.cpp" />
		<Unit filename="FMTvertexproperties.h" />
		<Unit filename="FMTwarning.cpp" />
		<Unit filename="FMTwarning.h" />
		<Unit filename="FMTwsParser.h" />
		<Unit filename="FMTyieldhandler.cpp" />
		<Unit filename="FMTyieldhandler.h" />
		<Unit filename="FMTyieldparser.cpp" />
		<Unit filename="FMTyieldparser.h" />
		<Unit filename="FMTyields.cpp" />
		<Unit filename="FMTyields.h" />
		<Unit filename="PYdefinitions.h" />
		<Unit filename="PYexportCore.h" />
		<Unit filename="PYexportExceptions.cpp" />
		<Unit filename="PYexportExceptions.h" />
		<Unit filename="PYexportGraph.h" />
		<Unit filename="PYexportHeuristics.h" />
		<Unit filename="PYexportModel.h" />
		<Unit filename="PYexportParser.h" />
		<Unit filename="PYexportSpatial.h" />
		<Unit filename="PYexportVersion.cpp" />
		<Unit filename="PYexportVersion.h" />
		<Unit filename="PYexportWSParser.h" />
		<Unit filename="Rdeclarations.h" />
		<Unit filename="Rdefinitions.h" />
		<Unit filename="Readme.txt" />
		<Unit filename="RexportCore.h" />
		<Unit filename="RexportExceptions.h" />
		<Unit filename="RexportGraph.h" />
		<Unit filename="RexportHeuristics.h" />
		<Unit filename="RexportModel.h" />
		<Unit filename="RexportParser.h" />
		<Unit filename="RexportSpatial.h" />
		<Unit filename="RexportVersion.h" />
		<Unit filename="main.cpp" />
		<Unit filename="resource.h" />
		<Extensions>
			<code_completion />
			<envvars />
			<debugger />
		</Extensions>
	</Project>
</CodeBlocks_project_file>
