
Microsoft Visual Studio Solution File, Format Version 12.00
# Visual Studio Version 17
VisualStudioVersion = 17.2.32616.157
MinimumVisualStudioVersion = 10.0.40219.1
Project("{FAE04EC0-301F-11D3-BF4B-00C04F79EFBC}") = "FMTExcel", "FMTExcel\FMTExcel.csproj", "{BBD16376-80C6-4BE8-93CD-486C70B3FBA0}"
EndProject
Global
	GlobalSection(SolutionConfigurationPlatforms) = preSolution
		Debug|Any CPU = Debug|Any CPU
		Debug|x64 = Debug|x64
		Release|Any CPU = Release|Any CPU
		Release|x64 = Release|x64
	EndGlobalSection
	GlobalSection(ProjectConfigurationPlatforms) = postSolution
		{BBD16376-80C6-4BE8-93CD-486C70B3FBA0}.Debug|Any CPU.ActiveCfg = Debug|Any CPU
		{BBD16376-80C6-4BE8-93CD-486C70B3FBA0}.Debug|Any CPU.Build.0 = Debug|Any CPU
		{BBD16376-80C6-4BE8-93CD-486C70B3FBA0}.Debug|x64.ActiveCfg = Debug|Any CPU
		{BBD16376-80C6-4BE8-93CD-486C70B3FBA0}.Debug|x64.Build.0 = Debug|Any CPU
		{BBD16376-80C6-4BE8-93CD-486C70B3FBA0}.Release|Any CPU.ActiveCfg = Release|Any CPU
		{BBD16376-80C6-4BE8-93CD-486C70B3FBA0}.Release|Any CPU.Build.0 = Release|Any CPU
		{BBD16376-80C6-4BE8-93CD-486C70B3FBA0}.Release|x64.ActiveCfg = Release|Any CPU
		{BBD16376-80C6-4BE8-93CD-486C70B3FBA0}.Release|x64.Build.0 = Release|Any CPU
	EndGlobalSection
	GlobalSection(SolutionProperties) = preSolution
		HideSolutionNode = FALSE
	EndGlobalSection
	GlobalSection(ExtensibilityGlobals) = postSolution
		SolutionGuid = {1605DBEB-CF2A-49F4-AC7F-01306234E38E}
	EndGlobalSection
EndGlobal
